// !$*UTF8*$!
{
	archiveVersion = 1;
	classes = {
	};
	objectVersion = 46;
	objects = {

/* Begin PBXBuildFile section */
		DA3D8A301DDEE7250075CE00 /* AppDelegate.swift in Sources */ = {isa = PBXBuildFile; fileRef = DA3D8A2F1DDEE7250075CE00 /* AppDelegate.swift */; };
		DA3D8A321DDEE7250075CE00 /* ViewController.swift in Sources */ = {isa = PBXBuildFile; fileRef = DA3D8A311DDEE7250075CE00 /* ViewController.swift */; };
		DA3D8A351DDEE7250075CE00 /* Main.storyboard in Resources */ = {isa = PBXBuildFile; fileRef = DA3D8A331DDEE7250075CE00 /* Main.storyboard */; };
		DA3D8A371DDEE7250075CE00 /* Assets.xcassets in Resources */ = {isa = PBXBuildFile; fileRef = DA3D8A361DDEE7250075CE00 /* Assets.xcassets */; };
		DA3D8A3A1DDEE7250075CE00 /* LaunchScreen.storyboard in Resources */ = {isa = PBXBuildFile; fileRef = DA3D8A381DDEE7250075CE00 /* LaunchScreen.storyboard */; };
		DA3D8A451DDEE7250075CE00 /* _________Tests.swift in Sources */ = {isa = PBXBuildFile; fileRef = DA3D8A441DDEE7250075CE00 /* _________Tests.swift */; };
		DA3D8A501DDEE7250075CE00 /* _________UITests.swift in Sources */ = {isa = PBXBuildFile; fileRef = DA3D8A4F1DDEE7250075CE00 /* _________UITests.swift */; };
		DA3D8A601DDEEAF50075CE00 /* Bundle + Extension.swift in Sources */ = {isa = PBXBuildFile; fileRef = DA3D8A5F1DDEEAF50075CE00 /* Bundle + Extension.swift */; };
/* End PBXBuildFile section */

/* Begin PBXContainerItemProxy section */
		DA3D8A411DDEE7250075CE00 /* PBXContainerItemProxy */ = {
			isa = PBXContainerItemProxy;
			containerPortal = DA3D8A241DDEE7250075CE00 /* Project object */;
			proxyType = 1;
			remoteGlobalIDString = DA3D8A2B1DDEE7250075CE00;
			remoteInfo = "命名空间和反射机制";
		};
		DA3D8A4C1DDEE7250075CE00 /* PBXContainerItemProxy */ = {
			isa = PBXContainerItemProxy;
			containerPortal = DA3D8A241DDEE7250075CE00 /* Project object */;
			proxyType = 1;
			remoteGlobalIDString = DA3D8A2B1DDEE7250075CE00;
			remoteInfo = "命名空间和反射机制";
		};
/* End PBXContainerItemProxy section */

/* Begin PBXFileReference section */
		DA3D8A2C1DDEE7250075CE00 /* 命名空间和反射机制.app */ = {isa = PBXFileReference; explicitFileType = wrapper.application; includeInIndex = 0; path = "命名空间和反射机制.app"; sourceTree = BUILT_PRODUCTS_DIR; };
		DA3D8A2F1DDEE7250075CE00 /* AppDelegate.swift */ = {isa = PBXFileReference; lastKnownFileType = sourcecode.swift; path = AppDelegate.swift; sourceTree = "<group>"; };
		DA3D8A311DDEE7250075CE00 /* ViewController.swift */ = {isa = PBXFileReference; lastKnownFileType = sourcecode.swift; path = ViewController.swift; sourceTree = "<group>"; };
		DA3D8A341DDEE7250075CE00 /* Base */ = {isa = PBXFileReference; lastKnownFileType = file.storyboard; name = Base; path = Base.lproj/Main.storyboard; sourceTree = "<group>"; };
		DA3D8A361DDEE7250075CE00 /* Assets.xcassets */ = {isa = PBXFileReference; lastKnownFileType = folder.assetcatalog; path = Assets.xcassets; sourceTree = "<group>"; };
		DA3D8A391DDEE7250075CE00 /* Base */ = {isa = PBXFileReference; lastKnownFileType = file.storyboard; name = Base; path = Base.lproj/LaunchScreen.storyboard; sourceTree = "<group>"; };
		DA3D8A3B1DDEE7250075CE00 /* Info.plist */ = {isa = PBXFileReference; lastKnownFileType = text.plist.xml; path = Info.plist; sourceTree = "<group>"; };
		DA3D8A401DDEE7250075CE00 /* 命名空间和反射机制Tests.xctest */ = {isa = PBXFileReference; explicitFileType = wrapper.cfbundle; includeInIndex = 0; path = "命名空间和反射机制Tests.xctest"; sourceTree = BUILT_PRODUCTS_DIR; };
		DA3D8A441DDEE7250075CE00 /* _________Tests.swift */ = {isa = PBXFileReference; lastKnownFileType = sourcecode.swift; path = "_________Tests.swift"; sourceTree = "<group>"; };
		DA3D8A461DDEE7250075CE00 /* Info.plist */ = {isa = PBXFileReference; lastKnownFileType = text.plist.xml; path = Info.plist; sourceTree = "<group>"; };
		DA3D8A4B1DDEE7250075CE00 /* 命名空间和反射机制UITests.xctest */ = {isa = PBXFileReference; explicitFileType = wrapper.cfbundle; includeInIndex = 0; path = "命名空间和反射机制UITests.xctest"; sourceTree = BUILT_PRODUCTS_DIR; };
		DA3D8A4F1DDEE7250075CE00 /* _________UITests.swift */ = {isa = PBXFileReference; lastKnownFileType = sourcecode.swift; path = "_________UITests.swift"; sourceTree = "<group>"; };
		DA3D8A511DDEE7250075CE00 /* Info.plist */ = {isa = PBXFileReference; lastKnownFileType = text.plist.xml; path = Info.plist; sourceTree = "<group>"; };
		DA3D8A5F1DDEEAF50075CE00 /* Bundle + Extension.swift */ = {isa = PBXFileReference; fileEncoding = 4; lastKnownFileType = sourcecode.swift; path = "Bundle + Extension.swift"; sourceTree = "<group>"; };
/* End PBXFileReference section */

/* Begin PBXFrameworksBuildPhase section */
		DA3D8A291DDEE7250075CE00 /* Frameworks */ = {
			isa = PBXFrameworksBuildPhase;
			buildActionMask = 2147483647;
			files = (
			);
			runOnlyForDeploymentPostprocessing = 0;
		};
		DA3D8A3D1DDEE7250075CE00 /* Frameworks */ = {
			isa = PBXFrameworksBuildPhase;
			buildActionMask = 2147483647;
			files = (
			);
			runOnlyForDeploymentPostprocessing = 0;
		};
		DA3D8A481DDEE7250075CE00 /* Frameworks */ = {
			isa = PBXFrameworksBuildPhase;
			buildActionMask = 2147483647;
			files = (
			);
			runOnlyForDeploymentPostprocessing = 0;
		};
/* End PBXFrameworksBuildPhase section */

/* Begin PBXGroup section */
		DA3D8A231DDEE7250075CE00 = {
			isa = PBXGroup;
			children = (
				DA3D8A2E1DDEE7250075CE00 /* 命名空间和反射机制 */,
				DA3D8A431DDEE7250075CE00 /* 命名空间和反射机制Tests */,
				DA3D8A4E1DDEE7250075CE00 /* 命名空间和反射机制UITests */,
				DA3D8A2D1DDEE7250075CE00 /* Products */,
			);
			sourceTree = "<group>";
		};
		DA3D8A2D1DDEE7250075CE00 /* Products */ = {
			isa = PBXGroup;
			children = (
				DA3D8A2C1DDEE7250075CE00 /* 命名空间和反射机制.app */,
				DA3D8A401DDEE7250075CE00 /* 命名空间和反射机制Tests.xctest */,
				DA3D8A4B1DDEE7250075CE00 /* 命名空间和反射机制UITests.xctest */,
			);
			name = Products;
			sourceTree = "<group>";
		};
		DA3D8A2E1DDEE7250075CE00 /* 命名空间和反射机制 */ = {
			isa = PBXGroup;
			children = (
				DA3D8A2F1DDEE7250075CE00 /* AppDelegate.swift */,
				DA3D8A5F1DDEEAF50075CE00 /* Bundle + Extension.swift */,
				DA3D8A311DDEE7250075CE00 /* ViewController.swift */,
				DA3D8A331DDEE7250075CE00 /* Main.storyboard */,
				DA3D8A361DDEE7250075CE00 /* Assets.xcassets */,
				DA3D8A381DDEE7250075CE00 /* LaunchScreen.storyboard */,
				DA3D8A3B1DDEE7250075CE00 /* Info.plist */,
			);
			path = "命名空间和反射机制";
			sourceTree = "<group>";
		};
		DA3D8A431DDEE7250075CE00 /* 命名空间和反射机制Tests */ = {
			isa = PBXGroup;
			children = (
				DA3D8A441DDEE7250075CE00 /* _________Tests.swift */,
				DA3D8A461DDEE7250075CE00 /* Info.plist */,
			);
			path = "命名空间和反射机制Tests";
			sourceTree = "<group>";
		};
		DA3D8A4E1DDEE7250075CE00 /* 命名空间和反射机制UITests */ = {
			isa = PBXGroup;
			children = (
				DA3D8A4F1DDEE7250075CE00 /* _________UITests.swift */,
				DA3D8A511DDEE7250075CE00 /* Info.plist */,
			);
			path = "命名空间和反射机制UITests";
			sourceTree = "<group>";
		};
/* End PBXGroup section */

/* Begin PBXNativeTarget section */
		DA3D8A2B1DDEE7250075CE00 /* 命名空间和反射机制 */ = {
			isa = PBXNativeTarget;
			buildConfigurationList = DA3D8A541DDEE7250075CE00 /* Build configuration list for PBXNativeTarget "命名空间和反射机制" */;
			buildPhases = (
				DA3D8A281DDEE7250075CE00 /* Sources */,
				DA3D8A291DDEE7250075CE00 /* Frameworks */,
				DA3D8A2A1DDEE7250075CE00 /* Resources */,
			);
			buildRules = (
			);
			dependencies = (
			);
			name = "命名空间和反射机制";
			productName = "命名空间和反射机制";
			productReference = DA3D8A2C1DDEE7250075CE00 /* 命名空间和反射机制.app */;
			productType = "com.apple.product-type.application";
		};
		DA3D8A3F1DDEE7250075CE00 /* 命名空间和反射机制Tests */ = {
			isa = PBXNativeTarget;
			buildConfigurationList = DA3D8A571DDEE7250075CE00 /* Build configuration list for PBXNativeTarget "命名空间和反射机制Tests" */;
			buildPhases = (
				DA3D8A3C1DDEE7250075CE00 /* Sources */,
				DA3D8A3D1DDEE7250075CE00 /* Frameworks */,
				DA3D8A3E1DDEE7250075CE00 /* Resources */,
			);
			buildRules = (
			);
			dependencies = (
				DA3D8A421DDEE7250075CE00 /* PBXTargetDependency */,
			);
			name = "命名空间和反射机制Tests";
			productName = "命名空间和反射机制Tests";
			productReference = DA3D8A401DDEE7250075CE00 /* 命名空间和反射机制Tests.xctest */;
			productType = "com.apple.product-type.bundle.unit-test";
		};
		DA3D8A4A1DDEE7250075CE00 /* 命名空间和反射机制UITests */ = {
			isa = PBXNativeTarget;
			buildConfigurationList = DA3D8A5A1DDEE7250075CE00 /* Build configuration list for PBXNativeTarget "命名空间和反射机制UITests" */;
			buildPhases = (
				DA3D8A471DDEE7250075CE00 /* Sources */,
				DA3D8A481DDEE7250075CE00 /* Frameworks */,
				DA3D8A491DDEE7250075CE00 /* Resources */,
			);
			buildRules = (
			);
			dependencies = (
				DA3D8A4D1DDEE7250075CE00 /* PBXTargetDependency */,
			);
			name = "命名空间和反射机制UITests";
			productName = "命名空间和反射机制UITests";
			productReference = DA3D8A4B1DDEE7250075CE00 /* 命名空间和反射机制UITests.xctest */;
			productType = "com.apple.product-type.bundle.ui-testing";
		};
/* End PBXNativeTarget section */

/* Begin PBXProject section */
		DA3D8A241DDEE7250075CE00 /* Project object */ = {
			isa = PBXProject;
			attributes = {
				LastSwiftUpdateCheck = 0810;
				LastUpgradeCheck = 0810;
				ORGANIZATIONNAME = Paul;
				TargetAttributes = {
					DA3D8A2B1DDEE7250075CE00 = {
						CreatedOnToolsVersion = 8.1;
						DevelopmentTeam = QM6HGHPCA7;
						ProvisioningStyle = Automatic;
					};
					DA3D8A3F1DDEE7250075CE00 = {
						CreatedOnToolsVersion = 8.1;
						DevelopmentTeam = QM6HGHPCA7;
						ProvisioningStyle = Automatic;
						TestTargetID = DA3D8A2B1DDEE7250075CE00;
					};
					DA3D8A4A1DDEE7250075CE00 = {
						CreatedOnToolsVersion = 8.1;
						DevelopmentTeam = QM6HGHPCA7;
						ProvisioningStyle = Automatic;
						TestTargetID = DA3D8A2B1DDEE7250075CE00;
					};
				};
			};
			buildConfigurationList = DA3D8A271DDEE7250075CE00 /* Build configuration list for PBXProject "命名空间和反射机制" */;
			compatibilityVersion = "Xcode 3.2";
			developmentRegion = English;
			hasScannedForEncodings = 0;
			knownRegions = (
				en,
				Base,
			);
			mainGroup = DA3D8A231DDEE7250075CE00;
			productRefGroup = DA3D8A2D1DDEE7250075CE00 /* Products */;
			projectDirPath = "";
			projectRoot = "";
			targets = (
				DA3D8A2B1DDEE7250075CE00 /* 命名空间和反射机制 */,
				DA3D8A3F1DDEE7250075CE00 /* 命名空间和反射机制Tests */,
				DA3D8A4A1DDEE7250075CE00 /* 命名空间和反射机制UITests */,
			);
		};
/* End PBXProject section */

/* Begin PBXResourcesBuildPhase section */
		DA3D8A2A1DDEE7250075CE00 /* Resources */ = {
			isa = PBXResourcesBuildPhase;
			buildActionMask = 2147483647;
			files = (
				DA3D8A3A1DDEE7250075CE00 /* LaunchScreen.storyboard in Resources */,
				DA3D8A371DDEE7250075CE00 /* Assets.xcassets in Resources */,
				DA3D8A351DDEE7250075CE00 /* Main.storyboard in Resources */,
			);
			runOnlyForDeploymentPostprocessing = 0;
		};
		DA3D8A3E1DDEE7250075CE00 /* Resources */ = {
			isa = PBXResourcesBuildPhase;
			buildActionMask = 2147483647;
			files = (
			);
			runOnlyForDeploymentPostprocessing = 0;
		};
		DA3D8A491DDEE7250075CE00 /* Resources */ = {
			isa = PBXResourcesBuildPhase;
			buildActionMask = 2147483647;
			files = (
			);
			runOnlyForDeploymentPostprocessing = 0;
		};
/* End PBXResourcesBuildPhase section */

/* Begin PBXSourcesBuildPhase section */
		DA3D8A281DDEE7250075CE00 /* Sources */ = {
			isa = PBXSourcesBuildPhase;
			buildActionMask = 2147483647;
			files = (
				DA3D8A601DDEEAF50075CE00 /* Bundle + Extension.swift in Sources */,
				DA3D8A321DDEE7250075CE00 /* ViewController.swift in Sources */,
				DA3D8A301DDEE7250075CE00 /* AppDelegate.swift in Sources */,
			);
			runOnlyForDeploymentPostprocessing = 0;
		};
		DA3D8A3C1DDEE7250075CE00 /* Sources */ = {
			isa = PBXSourcesBuildPhase;
			buildActionMask = 2147483647;
			files = (
				DA3D8A451DDEE7250075CE00 /* _________Tests.swift in Sources */,
			);
			runOnlyForDeploymentPostprocessing = 0;
		};
		DA3D8A471DDEE7250075CE00 /* Sources */ = {
			isa = PBXSourcesBuildPhase;
			buildActionMask = 2147483647;
			files = (
				DA3D8A501DDEE7250075CE00 /* _________UITests.swift in Sources */,
			);
			runOnlyForDeploymentPostprocessing = 0;
		};
/* End PBXSourcesBuildPhase section */

/* Begin PBXTargetDependency section */
		DA3D8A421DDEE7250075CE00 /* PBXTargetDependency */ = {
			isa = PBXTargetDependency;
			target = DA3D8A2B1DDEE7250075CE00 /* 命名空间和反射机制 */;
			targetProxy = DA3D8A411DDEE7250075CE00 /* PBXContainerItemProxy */;
		};
		DA3D8A4D1DDEE7250075CE00 /* PBXTargetDependency */ = {
			isa = PBXTargetDependency;
			target = DA3D8A2B1DDEE7250075CE00 /* 命名空间和反射机制 */;
			targetProxy = DA3D8A4C1DDEE7250075CE00 /* PBXContainerItemProxy */;
		};
/* End PBXTargetDependency section */

/* Begin PBXVariantGroup section */
		DA3D8A331DDEE7250075CE00 /* Main.storyboard */ = {
			isa = PBXVariantGroup;
			children = (
				DA3D8A341DDEE7250075CE00 /* Base */,
			);
			name = Main.storyboard;
			sourceTree = "<group>";
		};
		DA3D8A381DDEE7250075CE00 /* LaunchScreen.storyboard */ = {
			isa = PBXVariantGroup;
			children = (
				DA3D8A391DDEE7250075CE00 /* Base */,
			);
			name = LaunchScreen.storyboard;
			sourceTree = "<group>";
		};
/* End PBXVariantGroup section */

/* Begin XCBuildConfiguration section */
		DA3D8A521DDEE7250075CE00 /* Debug */ = {
			isa = XCBuildConfiguration;
			buildSettings = {
				ALWAYS_SEARCH_USER_PATHS = NO;
				CLANG_ANALYZER_NONNULL = YES;
				CLANG_CXX_LANGUAGE_STANDARD = "gnu++0x";
				CLANG_CXX_LIBRARY = "libc++";
				CLANG_ENABLE_MODULES = YES;
				CLANG_ENABLE_OBJC_ARC = YES;
				CLANG_WARN_BOOL_CONVERSION = YES;
				CLANG_WARN_CONSTANT_CONVERSION = YES;
				CLANG_WARN_DIRECT_OBJC_ISA_USAGE = YES_ERROR;
				CLANG_WARN_DOCUMENTATION_COMMENTS = YES;
				CLANG_WARN_EMPTY_BODY = YES;
				CLANG_WARN_ENUM_CONVERSION = YES;
				CLANG_WARN_INFINITE_RECURSION = YES;
				CLANG_WARN_INT_CONVERSION = YES;
				CLANG_WARN_OBJC_ROOT_CLASS = YES_ERROR;
				CLANG_WARN_SUSPICIOUS_MOVES = YES;
				CLANG_WARN_UNREACHABLE_CODE = YES;
				CLANG_WARN__DUPLICATE_METHOD_MATCH = YES;
				"CODE_SIGN_IDENTITY[sdk=iphoneos*]" = "iPhone Developer";
				COPY_PHASE_STRIP = NO;
				DEBUG_INFORMATION_FORMAT = dwarf;
				ENABLE_STRICT_OBJC_MSGSEND = YES;
				ENABLE_TESTABILITY = YES;
				GCC_C_LANGUAGE_STANDARD = gnu99;
				GCC_DYNAMIC_NO_PIC = NO;
				GCC_NO_COMMON_BLOCKS = YES;
				GCC_OPTIMIZATION_LEVEL = 0;
				GCC_PREPROCESSOR_DEFINITIONS = (
					"DEBUG=1",
					"$(inherited)",
				);
				GCC_WARN_64_TO_32_BIT_CONVERSION = YES;
				GCC_WARN_ABOUT_RETURN_TYPE = YES_ERROR;
				GCC_WARN_UNDECLARED_SELECTOR = YES;
				GCC_WARN_UNINITIALIZED_AUTOS = YES_AGGRESSIVE;
				GCC_WARN_UNUSED_FUNCTION = YES;
				GCC_WARN_UNUSED_VARIABLE = YES;
				IPHONEOS_DEPLOYMENT_TARGET = 10.1;
				MTL_ENABLE_DEBUG_INFO = YES;
				ONLY_ACTIVE_ARCH = YES;
				SDKROOT = iphoneos;
				SWIFT_ACTIVE_COMPILATION_CONDITIONS = DEBUG;
				SWIFT_OPTIMIZATION_LEVEL = "-Onone";
			};
			name = Debug;
		};
		DA3D8A531DDEE7250075CE00 /* Release */ = {
			isa = XCBuildConfiguration;
			buildSettings = {
				ALWAYS_SEARCH_USER_PATHS = NO;
				CLANG_ANALYZER_NONNULL = YES;
				CLANG_CXX_LANGUAGE_STANDARD = "gnu++0x";
				CLANG_CXX_LIBRARY = "libc++";
				CLANG_ENABLE_MODULES = YES;
				CLANG_ENABLE_OBJC_ARC = YES;
				CLANG_WARN_BOOL_CONVERSION = YES;
				CLANG_WARN_CONSTANT_CONVERSION = YES;
				CLANG_WARN_DIRECT_OBJC_ISA_USAGE = YES_ERROR;
				CLANG_WARN_DOCUMENTATION_COMMENTS = YES;
				CLANG_WARN_EMPTY_BODY = YES;
				CLANG_WARN_ENUM_CONVERSION = YES;
				CLANG_WARN_INFINITE_RECURSION = YES;
				CLANG_WARN_INT_CONVERSION = YES;
				CLANG_WARN_OBJC_ROOT_CLASS = YES_ERROR;
				CLANG_WARN_SUSPICIOUS_MOVES = YES;
				CLANG_WARN_UNREACHABLE_CODE = YES;
				CLANG_WARN__DUPLICATE_METHOD_MATCH = YES;
				"CODE_SIGN_IDENTITY[sdk=iphoneos*]" = "iPhone Developer";
				COPY_PHASE_STRIP = NO;
				DEBUG_INFORMATION_FORMAT = "dwarf-with-dsym";
				ENABLE_NS_ASSERTIONS = NO;
				ENABLE_STRICT_OBJC_MSGSEND = YES;
				GCC_C_LANGUAGE_STANDARD = gnu99;
				GCC_NO_COMMON_BLOCKS = YES;
				GCC_WARN_64_TO_32_BIT_CONVERSION = YES;
				GCC_WARN_ABOUT_RETURN_TYPE = YES_ERROR;
				GCC_WARN_UNDECLARED_SELECTOR = YES;
				GCC_WARN_UNINITIALIZED_AUTOS = YES_AGGRESSIVE;
				GCC_WARN_UNUSED_FUNCTION = YES;
				GCC_WARN_UNUSED_VARIABLE = YES;
				IPHONEOS_DEPLOYMENT_TARGET = 10.1;
				MTL_ENABLE_DEBUG_INFO = NO;
				SDKROOT = iphoneos;
				SWIFT_OPTIMIZATION_LEVEL = "-Owholemodule";
				VALIDATE_PRODUCT = YES;
			};
			name = Release;
		};
		DA3D8A551DDEE7250075CE00 /* Debug */ = {
			isa = XCBuildConfiguration;
			buildSettings = {
				ASSETCATALOG_COMPILER_APPICON_NAME = AppIcon;
				DEVELOPMENT_TEAM = QM6HGHPCA7;
				INFOPLIST_FILE = "命名空间和反射机制/Info.plist";
				LD_RUNPATH_SEARCH_PATHS = "$(inherited) @executable_path/Frameworks";
				PRODUCT_BUNDLE_IDENTIFIER = "HYXD.---------";
				PRODUCT_NAME = "$(TARGET_NAME)";
				SWIFT_VERSION = 3.0;
			};
			name = Debug;
		};
		DA3D8A561DDEE7250075CE00 /* Release */ = {
			isa = XCBuildConfiguration;
			buildSettings = {
				ASSETCATALOG_COMPILER_APPICON_NAME = AppIcon;
				DEVELOPMENT_TEAM = QM6HGHPCA7;
				INFOPLIST_FILE = "命名空间和反射机制/Info.plist";
				LD_RUNPATH_SEARCH_PATHS = "$(inherited) @executable_path/Frameworks";
				PRODUCT_BUNDLE_IDENTIFIER = "HYXD.---------";
				PRODUCT_NAME = "$(TARGET_NAME)";
				SWIFT_VERSION = 3.0;
			};
			name = Release;
		};
		DA3D8A581DDEE7250075CE00 /* Debug */ = {
			isa = XCBuildConfiguration;
			buildSettings = {
				ALWAYS_EMBED_SWIFT_STANDARD_LIBRARIES = YES;
				BUNDLE_LOADER = "$(TEST_HOST)";
				DEVELOPMENT_TEAM = QM6HGHPCA7;
				INFOPLIST_FILE = "命名空间和反射机制Tests/Info.plist";
				LD_RUNPATH_SEARCH_PATHS = "$(inherited) @executable_path/Frameworks @loader_path/Frameworks";
				PRODUCT_BUNDLE_IDENTIFIER = "HYXD.---------Tests";
				PRODUCT_NAME = "$(TARGET_NAME)";
				SWIFT_VERSION = 3.0;
				TEST_HOST = "$(BUILT_PRODUCTS_DIR)/命名空间和反射机制.app/命名空间和反射机制";
			};
			name = Debug;
		};
		DA3D8A591DDEE7250075CE00 /* Release */ = {
			isa = XCBuildConfiguration;
			buildSettings = {
				ALWAYS_EMBED_SWIFT_STANDARD_LIBRARIES = YES;
				BUNDLE_LOADER = "$(TEST_HOST)";
				DEVELOPMENT_TEAM = QM6HGHPCA7;
				INFOPLIST_FILE = "命名空间和反射机制Tests/Info.plist";
				LD_RUNPATH_SEARCH_PATHS = "$(inherited) @executable_path/Frameworks @loader_path/Frameworks";
				PRODUCT_BUNDLE_IDENTIFIER = "HYXD.---------Tests";
				PRODUCT_NAME = "$(TARGET_NAME)";
				SWIFT_VERSION = 3.0;
				TEST_HOST = "$(BUILT_PRODUCTS_DIR)/命名空间和反射机制.app/命名空间和反射机制";
			};
			name = Release;
		};
		DA3D8A5B1DDEE7250075CE00 /* Debug */ = {
			isa = XCBuildConfiguration;
			buildSettings = {
				ALWAYS_EMBED_SWIFT_STANDARD_LIBRARIES = YES;
				DEVELOPMENT_TEAM = QM6HGHPCA7;
				INFOPLIST_FILE = "命名空间和反射机制UITests/Info.plist";
				LD_RUNPATH_SEARCH_PATHS = "$(inherited) @executable_path/Frameworks @loader_path/Frameworks";
				PRODUCT_BUNDLE_IDENTIFIER = "HYXD.---------UITests";
				PRODUCT_NAME = "$(TARGET_NAME)";
				SWIFT_VERSION = 3.0;
				TEST_TARGET_NAME = "命名空间和反射机制";
			};
			name = Debug;
		};
		DA3D8A5C1DDEE7250075CE00 /* Release */ = {
			isa = XCBuildConfiguration;
			buildSettings = {
				ALWAYS_EMBED_SWIFT_STANDARD_LIBRARIES = YES;
				DEVELOPMENT_TEAM = QM6HGHPCA7;
				INFOPLIST_FILE = "命名空间和反射机制UITests/Info.plist";
				LD_RUNPATH_SEARCH_PATHS = "$(inherited) @executable_path/Frameworks @loader_path/Frameworks";
				PRODUCT_BUNDLE_IDENTIFIER = "HYXD.---------UITests";
				PRODUCT_NAME = "$(TARGET_NAME)";
				SWIFT_VERSION = 3.0;
				TEST_TARGET_NAME = "命名空间和反射机制";
			};
			name = Release;
		};
/* End XCBuildConfiguration section */

/* Begin XCConfigurationList section */
		DA3D8A271DDEE7250075CE00 /* Build configuration list for PBXProject "命名空间和反射机制" */ = {
			isa = XCConfigurationList;
			buildConfigurations = (
				DA3D8A521DDEE7250075CE00 /* Debug */,
				DA3D8A531DDEE7250075CE00 /* Release */,
			);
			defaultConfigurationIsVisible = 0;
			defaultConfigurationName = Release;
		};
		DA3D8A541DDEE7250075CE00 /* Build configuration list for PBXNativeTarget "命名空间和反射机制" */ = {
			isa = XCConfigurationList;
			buildConfigurations = (
				DA3D8A551DDEE7250075CE00 /* Debug */,
				DA3D8A561DDEE7250075CE00 /* Release */,
			);
			defaultConfigurationIsVisible = 0;
			defaultConfigurationName = Release;
		};
		DA3D8A571DDEE7250075CE00 /* Build configuration list for PBXNativeTarget "命名空间和反射机制Tests" */ = {
			isa = XCConfigurationList;
			buildConfigurations = (
				DA3D8A581DDEE7250075CE00 /* Debug */,
				DA3D8A591DDEE7250075CE00 /* Release */,
			);
			defaultConfigurationIsVisible = 0;
			defaultConfigurationName = Release;
		};
		DA3D8A5A1DDEE7250075CE00 /* Build configuration list for PBXNativeTarget "命名空间和反射机制UITests" */ = {
			isa = XCConfigurationList;
			buildConfigurations = (
				DA3D8A5B1DDEE7250075CE00 /* Debug */,
				DA3D8A5C1DDEE7250075CE00 /* Release */,
			);
			defaultConfigurationIsVisible = 0;
			defaultConfigurationName = Release;
		};
/* End XCConfigurationList section */
	};
	rootObject = DA3D8A241DDEE7250075CE00 /* Project object */;
}
